// !$*UTF8*$!
{
	archiveVersion = 1;
	classes = {
	};
	objectVersion = 56;
	objects = {

/* Begin PBXBuildFile section */
		8E32CEA329CEE8FC00905FD6 /* .swiftlint.yml in Resources */ = {isa = PBXBuildFile; fileRef = 8E32CEA229CEE8FC00905FD6 /* .swiftlint.yml */; };
		8E9E192729CEDD4F00CFF157 /* AppDelegate.swift in Sources */ = {isa = PBXBuildFile; fileRef = 8E9E192629CEDD4F00CFF157 /* AppDelegate.swift */; };
		8E9E192929CEDD4F00CFF157 /* SceneDelegate.swift in Sources */ = {isa = PBXBuildFile; fileRef = 8E9E192829CEDD4F00CFF157 /* SceneDelegate.swift */; };
		8E9E192B29CEDD4F00CFF157 /* MainViewController.swift in Sources */ = {isa = PBXBuildFile; fileRef = 8E9E192A29CEDD4F00CFF157 /* MainViewController.swift */; };
		8E9E193029CEDD5000CFF157 /* Assets.xcassets in Resources */ = {isa = PBXBuildFile; fileRef = 8E9E192F29CEDD5000CFF157 /* Assets.xcassets */; };
		8E9E193329CEDD5000CFF157 /* LaunchScreen.storyboard in Resources */ = {isa = PBXBuildFile; fileRef = 8E9E193129CEDD5000CFF157 /* LaunchScreen.storyboard */; };
		8EC8F62729E03980003F032E /* SplashViewController.swift in Sources */ = {isa = PBXBuildFile; fileRef = 8EC8F62629E03980003F032E /* SplashViewController.swift */; };
		8EC8F62929E039CC003F032E /* cake_run.json in Resources */ = {isa = PBXBuildFile; fileRef = 8EC8F62829E039CC003F032E /* cake_run.json */; };
		8EC8F62B29E03ACB003F032E /* APIKeys.xcconfig in Resources */ = {isa = PBXBuildFile; fileRef = 8EC8F62A29E03ACB003F032E /* APIKeys.xcconfig */; };
		B424EA0029DC10D400B0C1CE /* SafeAreaGuide.swift in Sources */ = {isa = PBXBuildFile; fileRef = B424E9FF29DC10D400B0C1CE /* SafeAreaGuide.swift */; };
		B45BB54629DD9D4A00A8B11B /* UIView+Animation.swift in Sources */ = {isa = PBXBuildFile; fileRef = B45BB54529DD9D4A00A8B11B /* UIView+Animation.swift */; };
		B46F9DC829DACC8500113979 /* BottomSheetView.swift in Sources */ = {isa = PBXBuildFile; fileRef = B46F9DC729DACC8500113979 /* BottomSheetView.swift */; };
		B46F9DCA29DACF2400113979 /* CapsuleStyleButton.swift in Sources */ = {isa = PBXBuildFile; fileRef = B46F9DC929DACF2400113979 /* CapsuleStyleButton.swift */; };
		B46F9DCD29DAE51D00113979 /* Number+FloatType.swift in Sources */ = {isa = PBXBuildFile; fileRef = B46F9DCC29DAE51D00113979 /* Number+FloatType.swift */; };
		B49F0C9229E69C5D001BB296 /* UIScrollView+Scroll.swift in Sources */ = {isa = PBXBuildFile; fileRef = B49F0C9129E69C5D001BB296 /* UIScrollView+Scroll.swift */; };
		B4F5CDC529DAF99B00AE4F66 /* UITableView+Register.swift in Sources */ = {isa = PBXBuildFile; fileRef = B4F5CDC429DAF99B00AE4F66 /* UITableView+Register.swift */; };
		B4F5CDC729DAF9BC00AE4F66 /* ReusableView.swift in Sources */ = {isa = PBXBuildFile; fileRef = B4F5CDC629DAF9BC00AE4F66 /* ReusableView.swift */; };
		B4F5CDC929DAFA9300AE4F66 /* CakeListCell.swift in Sources */ = {isa = PBXBuildFile; fileRef = B4F5CDC829DAFA9300AE4F66 /* CakeListCell.swift */; };
		C22922FA8C8219A5F0773CB8 /* Pods_CAKK.framework in Frameworks */ = {isa = PBXBuildFile; fileRef = 95EE7CB3943C47DA554CB543 /* Pods_CAKK.framework */; };
/* End PBXBuildFile section */

/* Begin PBXFileReference section */
		313C71033A79E107F0516F4D /* Pods-CAKK.release.xcconfig */ = {isa = PBXFileReference; includeInIndex = 1; lastKnownFileType = text.xcconfig; name = "Pods-CAKK.release.xcconfig"; path = "Target Support Files/Pods-CAKK/Pods-CAKK.release.xcconfig"; sourceTree = "<group>"; };
		8E32CEA229CEE8FC00905FD6 /* .swiftlint.yml */ = {isa = PBXFileReference; fileEncoding = 4; lastKnownFileType = text.yaml; path = .swiftlint.yml; sourceTree = SOURCE_ROOT; };
		8E9E192329CEDD4F00CFF157 /* CAKK.app */ = {isa = PBXFileReference; explicitFileType = wrapper.application; includeInIndex = 0; path = CAKK.app; sourceTree = BUILT_PRODUCTS_DIR; };
		8E9E192629CEDD4F00CFF157 /* AppDelegate.swift */ = {isa = PBXFileReference; lastKnownFileType = sourcecode.swift; path = AppDelegate.swift; sourceTree = "<group>"; };
		8E9E192829CEDD4F00CFF157 /* SceneDelegate.swift */ = {isa = PBXFileReference; lastKnownFileType = sourcecode.swift; path = SceneDelegate.swift; sourceTree = "<group>"; };
		8E9E192A29CEDD4F00CFF157 /* MainViewController.swift */ = {isa = PBXFileReference; indentWidth = 2; lastKnownFileType = sourcecode.swift; path = MainViewController.swift; sourceTree = "<group>"; tabWidth = 2; };
		8E9E192F29CEDD5000CFF157 /* Assets.xcassets */ = {isa = PBXFileReference; lastKnownFileType = folder.assetcatalog; path = Assets.xcassets; sourceTree = "<group>"; };
		8E9E193229CEDD5000CFF157 /* Base */ = {isa = PBXFileReference; lastKnownFileType = file.storyboard; name = Base; path = Base.lproj/LaunchScreen.storyboard; sourceTree = "<group>"; };
		8E9E193429CEDD5000CFF157 /* Info.plist */ = {isa = PBXFileReference; lastKnownFileType = text.plist.xml; path = Info.plist; sourceTree = "<group>"; };
		8EC8F62629E03980003F032E /* SplashViewController.swift */ = {isa = PBXFileReference; lastKnownFileType = sourcecode.swift; path = SplashViewController.swift; sourceTree = "<group>"; };
		8EC8F62829E039CC003F032E /* cake_run.json */ = {isa = PBXFileReference; fileEncoding = 4; lastKnownFileType = text.json; path = cake_run.json; sourceTree = "<group>"; };
		8EC8F62A29E03ACB003F032E /* APIKeys.xcconfig */ = {isa = PBXFileReference; fileEncoding = 4; lastKnownFileType = text.xcconfig; path = APIKeys.xcconfig; sourceTree = "<group>"; };
		95EE7CB3943C47DA554CB543 /* Pods_CAKK.framework */ = {isa = PBXFileReference; explicitFileType = wrapper.framework; includeInIndex = 0; path = Pods_CAKK.framework; sourceTree = BUILT_PRODUCTS_DIR; };
		B424E9FF29DC10D400B0C1CE /* SafeAreaGuide.swift */ = {isa = PBXFileReference; lastKnownFileType = sourcecode.swift; path = SafeAreaGuide.swift; sourceTree = "<group>"; };
		B45BB54529DD9D4A00A8B11B /* UIView+Animation.swift */ = {isa = PBXFileReference; indentWidth = 2; lastKnownFileType = sourcecode.swift; path = "UIView+Animation.swift"; sourceTree = "<group>"; tabWidth = 2; };
		B46F9DC729DACC8500113979 /* BottomSheetView.swift */ = {isa = PBXFileReference; indentWidth = 2; lastKnownFileType = sourcecode.swift; path = BottomSheetView.swift; sourceTree = "<group>"; tabWidth = 2; };
		B46F9DC929DACF2400113979 /* CapsuleStyleButton.swift */ = {isa = PBXFileReference; indentWidth = 2; lastKnownFileType = sourcecode.swift; path = CapsuleStyleButton.swift; sourceTree = "<group>"; tabWidth = 2; };
		B46F9DCC29DAE51D00113979 /* Number+FloatType.swift */ = {isa = PBXFileReference; lastKnownFileType = sourcecode.swift; path = "Number+FloatType.swift"; sourceTree = "<group>"; };
		B49F0C9129E69C5D001BB296 /* UIScrollView+Scroll.swift */ = {isa = PBXFileReference; indentWidth = 2; lastKnownFileType = sourcecode.swift; path = "UIScrollView+Scroll.swift"; sourceTree = "<group>"; tabWidth = 2; };
		B4F5CDC429DAF99B00AE4F66 /* UITableView+Register.swift */ = {isa = PBXFileReference; indentWidth = 2; lastKnownFileType = sourcecode.swift; path = "UITableView+Register.swift"; sourceTree = "<group>"; tabWidth = 2; };
		B4F5CDC629DAF9BC00AE4F66 /* ReusableView.swift */ = {isa = PBXFileReference; indentWidth = 2; lastKnownFileType = sourcecode.swift; path = ReusableView.swift; sourceTree = "<group>"; tabWidth = 2; };
		B4F5CDC829DAFA9300AE4F66 /* CakeListCell.swift */ = {isa = PBXFileReference; indentWidth = 2; lastKnownFileType = sourcecode.swift; path = CakeListCell.swift; sourceTree = "<group>"; tabWidth = 2; };
		FA186ECD8D0556A62647C120 /* Pods-CAKK.debug.xcconfig */ = {isa = PBXFileReference; includeInIndex = 1; lastKnownFileType = text.xcconfig; name = "Pods-CAKK.debug.xcconfig"; path = "Target Support Files/Pods-CAKK/Pods-CAKK.debug.xcconfig"; sourceTree = "<group>"; };
/* End PBXFileReference section */

/* Begin PBXFrameworksBuildPhase section */
		8E9E192029CEDD4F00CFF157 /* Frameworks */ = {
			isa = PBXFrameworksBuildPhase;
			buildActionMask = 2147483647;
			files = (
				C22922FA8C8219A5F0773CB8 /* Pods_CAKK.framework in Frameworks */,
			);
			runOnlyForDeploymentPostprocessing = 0;
		};
/* End PBXFrameworksBuildPhase section */

/* Begin PBXGroup section */
		8E32CE9B29CEE2DF00905FD6 /* Views */ = {
			isa = PBXGroup;
			children = (
				B46F9DC729DACC8500113979 /* BottomSheetView.swift */,
				B46F9DC929DACF2400113979 /* CapsuleStyleButton.swift */,
				B4F5CDC829DAFA9300AE4F66 /* CakeListCell.swift */,
			);
			path = Views;
			sourceTree = "<group>";
		};
		8E32CE9C29CEE30A00905FD6 /* Services */ = {
			isa = PBXGroup;
			children = (
			);
			path = Services;
			sourceTree = "<group>";
		};
		8E32CE9E29CEE5F100905FD6 /* Utils */ = {
			isa = PBXGroup;
			children = (
				B4F5CDC629DAF9BC00AE4F66 /* ReusableView.swift */,
				B424E9FF29DC10D400B0C1CE /* SafeAreaGuide.swift */,
				B46F9DCB29DAE51100113979 /* Extensions */,
			);
			path = Utils;
			sourceTree = "<group>";
		};
		8E32CE9F29CEE63800905FD6 /* SupportingFiles */ = {
			isa = PBXGroup;
			children = (
				8E32CEA229CEE8FC00905FD6 /* .swiftlint.yml */,
			);
			path = SupportingFiles;
			sourceTree = "<group>";
		};
		8E9E191A29CEDD4F00CFF157 = {
			isa = PBXGroup;
			children = (
				8E9E192529CEDD4F00CFF157 /* CAKK */,
				8E9E192429CEDD4F00CFF157 /* Products */,
				D911E24E8132FA565E4A398E /* Pods */,
				C6D3D3CA626E37FD40B6895E /* Frameworks */,
			);
			sourceTree = "<group>";
		};
		8E9E192429CEDD4F00CFF157 /* Products */ = {
			isa = PBXGroup;
			children = (
				8E9E192329CEDD4F00CFF157 /* CAKK.app */,
			);
			name = Products;
			sourceTree = "<group>";
		};
		8E9E192529CEDD4F00CFF157 /* CAKK */ = {
			isa = PBXGroup;
			children = (
				8E9E193A29CEDDAD00CFF157 /* Sources */,
				8E9E193B29CEDDB400CFF157 /* Resources */,
			);
			path = CAKK;
			sourceTree = "<group>";
		};
		8E9E193A29CEDDAD00CFF157 /* Sources */ = {
			isa = PBXGroup;
			children = (
				8E9E192629CEDD4F00CFF157 /* AppDelegate.swift */,
				8E9E192829CEDD4F00CFF157 /* SceneDelegate.swift */,
				8E32CE9C29CEE30A00905FD6 /* Services */,
				8E32CE9B29CEE2DF00905FD6 /* Views */,
				8E9E193C29CEDDDE00CFF157 /* ViewControllers */,
				B4D1051829DFF6D400629C1D /* ViewModels */,
				8E9E193D29CEDDE700CFF157 /* Models */,
				8E32CE9E29CEE5F100905FD6 /* Utils */,
				8E32CE9F29CEE63800905FD6 /* SupportingFiles */,
			);
			path = Sources;
			sourceTree = "<group>";
		};
		8E9E193B29CEDDB400CFF157 /* Resources */ = {
			isa = PBXGroup;
			children = (
				8E9E192F29CEDD5000CFF157 /* Assets.xcassets */,
				8E9E193129CEDD5000CFF157 /* LaunchScreen.storyboard */,
				8E9E193429CEDD5000CFF157 /* Info.plist */,
				8EC8F62829E039CC003F032E /* cake_run.json */,
				8EC8F62A29E03ACB003F032E /* APIKeys.xcconfig */,
			);
			path = Resources;
			sourceTree = "<group>";
		};
		8E9E193C29CEDDDE00CFF157 /* ViewControllers */ = {
			isa = PBXGroup;
			children = (
				8EC8F62629E03980003F032E /* SplashViewController.swift */,
				8E9E192A29CEDD4F00CFF157 /* MainViewController.swift */,
			);
			path = ViewControllers;
			sourceTree = "<group>";
		};
		8E9E193D29CEDDE700CFF157 /* Models */ = {
			isa = PBXGroup;
			children = (
			);
			path = Models;
			sourceTree = "<group>";
		};
		B46F9DCB29DAE51100113979 /* Extensions */ = {
			isa = PBXGroup;
			children = (
				B46F9DCC29DAE51D00113979 /* Number+FloatType.swift */,
				B4F5CDC429DAF99B00AE4F66 /* UITableView+Register.swift */,
				B45BB54529DD9D4A00A8B11B /* UIView+Animation.swift */,
				B49F0C9129E69C5D001BB296 /* UIScrollView+Scroll.swift */,
			);
			path = Extensions;
			sourceTree = "<group>";
		};
		B4D1051829DFF6D400629C1D /* ViewModels */ = {
			isa = PBXGroup;
			children = (
			);
			path = ViewModels;
			sourceTree = "<group>";
		};
		C6D3D3CA626E37FD40B6895E /* Frameworks */ = {
			isa = PBXGroup;
			children = (
				95EE7CB3943C47DA554CB543 /* Pods_CAKK.framework */,
			);
			name = Frameworks;
			sourceTree = "<group>";
		};
		D911E24E8132FA565E4A398E /* Pods */ = {
			isa = PBXGroup;
			children = (
				FA186ECD8D0556A62647C120 /* Pods-CAKK.debug.xcconfig */,
				313C71033A79E107F0516F4D /* Pods-CAKK.release.xcconfig */,
			);
			path = Pods;
			sourceTree = "<group>";
		};
/* End PBXGroup section */

/* Begin PBXNativeTarget section */
		8E9E192229CEDD4F00CFF157 /* CAKK */ = {
			isa = PBXNativeTarget;
			buildConfigurationList = 8E9E193729CEDD5000CFF157 /* Build configuration list for PBXNativeTarget "CAKK" */;
			buildPhases = (
				11A400219A23A8911158B287 /* [CP] Check Pods Manifest.lock */,
				8E32CE9D29CEE58C00905FD6 /* SwiftLint */,
				8E9E191F29CEDD4F00CFF157 /* Sources */,
				8E9E192029CEDD4F00CFF157 /* Frameworks */,
				8E9E192129CEDD4F00CFF157 /* Resources */,
				5EC032E06DF3A55FACCE4B09 /* [CP] Embed Pods Frameworks */,
			);
			buildRules = (
			);
			dependencies = (
			);
			name = CAKK;
			productName = CAKK;
			productReference = 8E9E192329CEDD4F00CFF157 /* CAKK.app */;
			productType = "com.apple.product-type.application";
		};
/* End PBXNativeTarget section */

/* Begin PBXProject section */
		8E9E191B29CEDD4F00CFF157 /* Project object */ = {
			isa = PBXProject;
			attributes = {
				BuildIndependentTargetsInParallel = 1;
				LastSwiftUpdateCheck = 1430;
				LastUpgradeCheck = 1430;
				TargetAttributes = {
					8E9E192229CEDD4F00CFF157 = {
						CreatedOnToolsVersion = 14.3;
					};
				};
			};
			buildConfigurationList = 8E9E191E29CEDD4F00CFF157 /* Build configuration list for PBXProject "CAKK" */;
			compatibilityVersion = "Xcode 14.0";
			developmentRegion = en;
			hasScannedForEncodings = 0;
			knownRegions = (
				en,
				Base,
			);
			mainGroup = 8E9E191A29CEDD4F00CFF157;
			productRefGroup = 8E9E192429CEDD4F00CFF157 /* Products */;
			projectDirPath = "";
			projectRoot = "";
			targets = (
				8E9E192229CEDD4F00CFF157 /* CAKK */,
			);
		};
/* End PBXProject section */

/* Begin PBXResourcesBuildPhase section */
		8E9E192129CEDD4F00CFF157 /* Resources */ = {
			isa = PBXResourcesBuildPhase;
			buildActionMask = 2147483647;
			files = (
				8EC8F62B29E03ACB003F032E /* APIKeys.xcconfig in Resources */,
				8E32CEA329CEE8FC00905FD6 /* .swiftlint.yml in Resources */,
				8EC8F62929E039CC003F032E /* cake_run.json in Resources */,
				8E9E193329CEDD5000CFF157 /* LaunchScreen.storyboard in Resources */,
				8E9E193029CEDD5000CFF157 /* Assets.xcassets in Resources */,
			);
			runOnlyForDeploymentPostprocessing = 0;
		};
/* End PBXResourcesBuildPhase section */

/* Begin PBXShellScriptBuildPhase section */
		11A400219A23A8911158B287 /* [CP] Check Pods Manifest.lock */ = {
			isa = PBXShellScriptBuildPhase;
			buildActionMask = 2147483647;
			files = (
			);
			inputFileListPaths = (
			);
			inputPaths = (
				"${PODS_PODFILE_DIR_PATH}/Podfile.lock",
				"${PODS_ROOT}/Manifest.lock",
			);
			name = "[CP] Check Pods Manifest.lock";
			outputFileListPaths = (
			);
			outputPaths = (
				"$(DERIVED_FILE_DIR)/Pods-CAKK-checkManifestLockResult.txt",
			);
			runOnlyForDeploymentPostprocessing = 0;
			shellPath = /bin/sh;
			shellScript = "diff \"${PODS_PODFILE_DIR_PATH}/Podfile.lock\" \"${PODS_ROOT}/Manifest.lock\" > /dev/null\nif [ $? != 0 ] ; then\n    # print error to STDERR\n    echo \"error: The sandbox is not in sync with the Podfile.lock. Run 'pod install' or update your CocoaPods installation.\" >&2\n    exit 1\nfi\n# This output is used by Xcode 'outputs' to avoid re-running this script phase.\necho \"SUCCESS\" > \"${SCRIPT_OUTPUT_FILE_0}\"\n";
			showEnvVarsInLog = 0;
		};
		5EC032E06DF3A55FACCE4B09 /* [CP] Embed Pods Frameworks */ = {
			isa = PBXShellScriptBuildPhase;
			buildActionMask = 2147483647;
			files = (
			);
			inputFileListPaths = (
				"${PODS_ROOT}/Target Support Files/Pods-CAKK/Pods-CAKK-frameworks-${CONFIGURATION}-input-files.xcfilelist",
			);
			name = "[CP] Embed Pods Frameworks";
			outputFileListPaths = (
				"${PODS_ROOT}/Target Support Files/Pods-CAKK/Pods-CAKK-frameworks-${CONFIGURATION}-output-files.xcfilelist",
			);
			runOnlyForDeploymentPostprocessing = 0;
			shellPath = /bin/sh;
			shellScript = "\"${PODS_ROOT}/Target Support Files/Pods-CAKK/Pods-CAKK-frameworks.sh\"\n";
			showEnvVarsInLog = 0;
		};
		8E32CE9D29CEE58C00905FD6 /* SwiftLint */ = {
			isa = PBXShellScriptBuildPhase;
			buildActionMask = 2147483647;
			files = (
			);
			inputFileListPaths = (
			);
			inputPaths = (
			);
			name = SwiftLint;
			outputFileListPaths = (
			);
			outputPaths = (
			);
			runOnlyForDeploymentPostprocessing = 0;
			shellPath = /bin/sh;
			shellScript = "\"${PODS_ROOT}/SwiftLint/swiftlint\"\n";
		};
/* End PBXShellScriptBuildPhase section */

/* Begin PBXSourcesBuildPhase section */
		8E9E191F29CEDD4F00CFF157 /* Sources */ = {
			isa = PBXSourcesBuildPhase;
			buildActionMask = 2147483647;
			files = (
				8E9E192B29CEDD4F00CFF157 /* MainViewController.swift in Sources */,
				B46F9DC829DACC8500113979 /* BottomSheetView.swift in Sources */,
				B46F9DCA29DACF2400113979 /* CapsuleStyleButton.swift in Sources */,
				8EC8F62729E03980003F032E /* SplashViewController.swift in Sources */,
				B4F5CDC729DAF9BC00AE4F66 /* ReusableView.swift in Sources */,
				B4F5CDC929DAFA9300AE4F66 /* CakeListCell.swift in Sources */,
				8E9E192729CEDD4F00CFF157 /* AppDelegate.swift in Sources */,
				8E9E192929CEDD4F00CFF157 /* SceneDelegate.swift in Sources */,
				B4F5CDC529DAF99B00AE4F66 /* UITableView+Register.swift in Sources */,
				B424EA0029DC10D400B0C1CE /* SafeAreaGuide.swift in Sources */,
				B49F0C9229E69C5D001BB296 /* UIScrollView+Scroll.swift in Sources */,
				B45BB54629DD9D4A00A8B11B /* UIView+Animation.swift in Sources */,
				B46F9DCD29DAE51D00113979 /* Number+FloatType.swift in Sources */,
			);
			runOnlyForDeploymentPostprocessing = 0;
		};
/* End PBXSourcesBuildPhase section */

/* Begin PBXVariantGroup section */
		8E9E193129CEDD5000CFF157 /* LaunchScreen.storyboard */ = {
			isa = PBXVariantGroup;
			children = (
				8E9E193229CEDD5000CFF157 /* Base */,
			);
			name = LaunchScreen.storyboard;
			sourceTree = "<group>";
		};
/* End PBXVariantGroup section */

/* Begin XCBuildConfiguration section */
		8E9E193529CEDD5000CFF157 /* Debug */ = {
			isa = XCBuildConfiguration;
			buildSettings = {
				ALWAYS_SEARCH_USER_PATHS = NO;
				CLANG_ANALYZER_LOCALIZABILITY_NONLOCALIZED = YES;
				CLANG_ANALYZER_NONNULL = YES;
				CLANG_ANALYZER_NUMBER_OBJECT_CONVERSION = YES_AGGRESSIVE;
				CLANG_CXX_LANGUAGE_STANDARD = "gnu++20";
				CLANG_ENABLE_MODULES = YES;
				CLANG_ENABLE_OBJC_ARC = YES;
				CLANG_ENABLE_OBJC_WEAK = YES;
				CLANG_WARN_BLOCK_CAPTURE_AUTORELEASING = YES;
				CLANG_WARN_BOOL_CONVERSION = YES;
				CLANG_WARN_COMMA = YES;
				CLANG_WARN_CONSTANT_CONVERSION = YES;
				CLANG_WARN_DEPRECATED_OBJC_IMPLEMENTATIONS = YES;
				CLANG_WARN_DIRECT_OBJC_ISA_USAGE = YES_ERROR;
				CLANG_WARN_DOCUMENTATION_COMMENTS = YES;
				CLANG_WARN_EMPTY_BODY = YES;
				CLANG_WARN_ENUM_CONVERSION = YES;
				CLANG_WARN_INFINITE_RECURSION = YES;
				CLANG_WARN_INT_CONVERSION = YES;
				CLANG_WARN_NON_LITERAL_NULL_CONVERSION = YES;
				CLANG_WARN_OBJC_IMPLICIT_RETAIN_SELF = YES;
				CLANG_WARN_OBJC_LITERAL_CONVERSION = YES;
				CLANG_WARN_OBJC_ROOT_CLASS = YES_ERROR;
				CLANG_WARN_QUOTED_INCLUDE_IN_FRAMEWORK_HEADER = YES;
				CLANG_WARN_RANGE_LOOP_ANALYSIS = YES;
				CLANG_WARN_STRICT_PROTOTYPES = YES;
				CLANG_WARN_SUSPICIOUS_MOVE = YES;
				CLANG_WARN_UNGUARDED_AVAILABILITY = YES_AGGRESSIVE;
				CLANG_WARN_UNREACHABLE_CODE = YES;
				CLANG_WARN__DUPLICATE_METHOD_MATCH = YES;
				COPY_PHASE_STRIP = NO;
				DEBUG_INFORMATION_FORMAT = dwarf;
				ENABLE_STRICT_OBJC_MSGSEND = YES;
				ENABLE_TESTABILITY = YES;
				GCC_C_LANGUAGE_STANDARD = gnu11;
				GCC_DYNAMIC_NO_PIC = NO;
				GCC_NO_COMMON_BLOCKS = YES;
				GCC_OPTIMIZATION_LEVEL = 0;
				GCC_PREPROCESSOR_DEFINITIONS = (
					"DEBUG=1",
					"$(inherited)",
				);
				GCC_WARN_64_TO_32_BIT_CONVERSION = YES;
				GCC_WARN_ABOUT_RETURN_TYPE = YES_ERROR;
				GCC_WARN_UNDECLARED_SELECTOR = YES;
				GCC_WARN_UNINITIALIZED_AUTOS = YES_AGGRESSIVE;
				GCC_WARN_UNUSED_FUNCTION = YES;
				GCC_WARN_UNUSED_VARIABLE = YES;
				IPHONEOS_DEPLOYMENT_TARGET = 14.0;
				MTL_ENABLE_DEBUG_INFO = INCLUDE_SOURCE;
				MTL_FAST_MATH = YES;
				ONLY_ACTIVE_ARCH = YES;
				SDKROOT = iphoneos;
				SWIFT_ACTIVE_COMPILATION_CONDITIONS = DEBUG;
				SWIFT_OPTIMIZATION_LEVEL = "-Onone";
			};
			name = Debug;
		};
		8E9E193629CEDD5000CFF157 /* Release */ = {
			isa = XCBuildConfiguration;
			buildSettings = {
				ALWAYS_SEARCH_USER_PATHS = NO;
				CLANG_ANALYZER_LOCALIZABILITY_NONLOCALIZED = YES;
				CLANG_ANALYZER_NONNULL = YES;
				CLANG_ANALYZER_NUMBER_OBJECT_CONVERSION = YES_AGGRESSIVE;
				CLANG_CXX_LANGUAGE_STANDARD = "gnu++20";
				CLANG_ENABLE_MODULES = YES;
				CLANG_ENABLE_OBJC_ARC = YES;
				CLANG_ENABLE_OBJC_WEAK = YES;
				CLANG_WARN_BLOCK_CAPTURE_AUTORELEASING = YES;
				CLANG_WARN_BOOL_CONVERSION = YES;
				CLANG_WARN_COMMA = YES;
				CLANG_WARN_CONSTANT_CONVERSION = YES;
				CLANG_WARN_DEPRECATED_OBJC_IMPLEMENTATIONS = YES;
				CLANG_WARN_DIRECT_OBJC_ISA_USAGE = YES_ERROR;
				CLANG_WARN_DOCUMENTATION_COMMENTS = YES;
				CLANG_WARN_EMPTY_BODY = YES;
				CLANG_WARN_ENUM_CONVERSION = YES;
				CLANG_WARN_INFINITE_RECURSION = YES;
				CLANG_WARN_INT_CONVERSION = YES;
				CLANG_WARN_NON_LITERAL_NULL_CONVERSION = YES;
				CLANG_WARN_OBJC_IMPLICIT_RETAIN_SELF = YES;
				CLANG_WARN_OBJC_LITERAL_CONVERSION = YES;
				CLANG_WARN_OBJC_ROOT_CLASS = YES_ERROR;
				CLANG_WARN_QUOTED_INCLUDE_IN_FRAMEWORK_HEADER = YES;
				CLANG_WARN_RANGE_LOOP_ANALYSIS = YES;
				CLANG_WARN_STRICT_PROTOTYPES = YES;
				CLANG_WARN_SUSPICIOUS_MOVE = YES;
				CLANG_WARN_UNGUARDED_AVAILABILITY = YES_AGGRESSIVE;
				CLANG_WARN_UNREACHABLE_CODE = YES;
				CLANG_WARN__DUPLICATE_METHOD_MATCH = YES;
				COPY_PHASE_STRIP = NO;
				DEBUG_INFORMATION_FORMAT = "dwarf-with-dsym";
				ENABLE_NS_ASSERTIONS = NO;
				ENABLE_STRICT_OBJC_MSGSEND = YES;
				GCC_C_LANGUAGE_STANDARD = gnu11;
				GCC_NO_COMMON_BLOCKS = YES;
				GCC_WARN_64_TO_32_BIT_CONVERSION = YES;
				GCC_WARN_ABOUT_RETURN_TYPE = YES_ERROR;
				GCC_WARN_UNDECLARED_SELECTOR = YES;
				GCC_WARN_UNINITIALIZED_AUTOS = YES_AGGRESSIVE;
				GCC_WARN_UNUSED_FUNCTION = YES;
				GCC_WARN_UNUSED_VARIABLE = YES;
				IPHONEOS_DEPLOYMENT_TARGET = 14.0;
				MTL_ENABLE_DEBUG_INFO = NO;
				MTL_FAST_MATH = YES;
				SDKROOT = iphoneos;
				SWIFT_COMPILATION_MODE = wholemodule;
				SWIFT_OPTIMIZATION_LEVEL = "-O";
				VALIDATE_PRODUCT = YES;
			};
			name = Release;
		};
		8E9E193829CEDD5000CFF157 /* Debug */ = {
			isa = XCBuildConfiguration;
			baseConfigurationReference = FA186ECD8D0556A62647C120 /* Pods-CAKK.debug.xcconfig */;
			buildSettings = {
				ASSETCATALOG_COMPILER_APPICON_NAME = AppIcon;
				ASSETCATALOG_COMPILER_GLOBAL_ACCENT_COLOR_NAME = AccentColor;
				CODE_SIGN_IDENTITY = "Apple Development";
				CODE_SIGN_STYLE = Automatic;
				CURRENT_PROJECT_VERSION = 1;
				DEVELOPMENT_TEAM = TZ3VZ8CUCV;
				GENERATE_INFOPLIST_FILE = YES;
				INFOPLIST_FILE = CAKK/Resources/Info.plist;
				INFOPLIST_KEY_CFBundleDisplayName = "케이크크";
				INFOPLIST_KEY_UIApplicationSupportsIndirectInputEvents = YES;
				INFOPLIST_KEY_UILaunchStoryboardName = LaunchScreen;
				INFOPLIST_KEY_UIStatusBarStyle = "";
				INFOPLIST_KEY_UISupportedInterfaceOrientations = UIInterfaceOrientationPortrait;
				INFOPLIST_KEY_UISupportedInterfaceOrientations_iPad = "UIInterfaceOrientationLandscapeLeft UIInterfaceOrientationLandscapeRight UIInterfaceOrientationPortrait UIInterfaceOrientationPortraitUpsideDown";
				IPHONEOS_DEPLOYMENT_TARGET = 14.0;
				LD_RUNPATH_SEARCH_PATHS = (
					"$(inherited)",
					"@executable_path/Frameworks",
				);
				MARKETING_VERSION = 1.0;
				PRODUCT_BUNDLE_IDENTIFIER = com.prography.CAKK;
				PRODUCT_NAME = "$(TARGET_NAME)";
				PROVISIONING_PROFILE_SPECIFIER = "";
				SWIFT_EMIT_LOC_STRINGS = YES;
				SWIFT_VERSION = 5.0;
				TARGETED_DEVICE_FAMILY = "1,2";
			};
			name = Debug;
		};
		8E9E193929CEDD5000CFF157 /* Release */ = {
			isa = XCBuildConfiguration;
			baseConfigurationReference = 313C71033A79E107F0516F4D /* Pods-CAKK.release.xcconfig */;
			buildSettings = {
				ASSETCATALOG_COMPILER_APPICON_NAME = AppIcon;
				ASSETCATALOG_COMPILER_GLOBAL_ACCENT_COLOR_NAME = AccentColor;
				CODE_SIGN_IDENTITY = "Apple Development";
				CODE_SIGN_STYLE = Automatic;
				CURRENT_PROJECT_VERSION = 1;
				DEVELOPMENT_TEAM = TZ3VZ8CUCV;
				GENERATE_INFOPLIST_FILE = YES;
				INFOPLIST_FILE = CAKK/Resources/Info.plist;
				INFOPLIST_KEY_CFBundleDisplayName = "케이크크";
				INFOPLIST_KEY_UIApplicationSupportsIndirectInputEvents = YES;
				INFOPLIST_KEY_UILaunchStoryboardName = LaunchScreen;
				INFOPLIST_KEY_UIStatusBarStyle = "";
				INFOPLIST_KEY_UISupportedInterfaceOrientations = UIInterfaceOrientationPortrait;
				INFOPLIST_KEY_UISupportedInterfaceOrientations_iPad = "UIInterfaceOrientationLandscapeLeft UIInterfaceOrientationLandscapeRight UIInterfaceOrientationPortrait UIInterfaceOrientationPortraitUpsideDown";
				IPHONEOS_DEPLOYMENT_TARGET = 14.0;
				LD_RUNPATH_SEARCH_PATHS = (
					"$(inherited)",
					"@executable_path/Frameworks",
				);
				MARKETING_VERSION = 1.0;
				PRODUCT_BUNDLE_IDENTIFIER = com.prography.CAKK;
				PRODUCT_NAME = "$(TARGET_NAME)";
				PROVISIONING_PROFILE_SPECIFIER = "";
				SWIFT_EMIT_LOC_STRINGS = YES;
				SWIFT_VERSION = 5.0;
				TARGETED_DEVICE_FAMILY = "1,2";
			};
			name = Release;
		};
/* End XCBuildConfiguration section */

/* Begin XCConfigurationList section */
		8E9E191E29CEDD4F00CFF157 /* Build configuration list for PBXProject "CAKK" */ = {
			isa = XCConfigurationList;
			buildConfigurations = (
				8E9E193529CEDD5000CFF157 /* Debug */,
				8E9E193629CEDD5000CFF157 /* Release */,
			);
			defaultConfigurationIsVisible = 0;
			defaultConfigurationName = Release;
		};
		8E9E193729CEDD5000CFF157 /* Build configuration list for PBXNativeTarget "CAKK" */ = {
			isa = XCConfigurationList;
			buildConfigurations = (
				8E9E193829CEDD5000CFF157 /* Debug */,
				8E9E193929CEDD5000CFF157 /* Release */,
			);
			defaultConfigurationIsVisible = 0;
			defaultConfigurationName = Release;
		};
/* End XCConfigurationList section */
	};
	rootObject = 8E9E191B29CEDD4F00CFF157 /* Project object */;
}
