PODS:
  - Alamofire (5.6.4)
  - Kingfisher (7.6.2)
  - NMapsGeometry (1.0.1)
  - NMapsMap (3.16.2):
    - NMapsGeometry
  - R.swift (7.3.0)
  - SnapKit (5.6.0)
  - SwiftLint (0.50.3)
  - Then (3.0.0)

DEPENDENCIES:
  - Alamofire (~> 5.6.4)
  - Kingfisher (~> 7.6.2)
  - NMapsMap (~> 3.16.2)
  - R.swift (~> 7.3.0)
  - SnapKit (~> 5.6.0)
  - SwiftLint (~> 0.50.3)
  - Then (~> 3.0.0)

SPEC REPOS:
  trunk:
    - Alamofire
    - Kingfisher
    - NMapsGeometry
    - NMapsMap
    - R.swift
    - SnapKit
    - SwiftLint
    - Then

SPEC CHECKSUMS:
  Alamofire: 4e95d97098eacb88856099c4fc79b526a299e48c
  Kingfisher: 6c5449c6450c5239166510ba04afe374a98afc4f
  NMapsGeometry: 53c573ead66466681cf123f99f698dc8071a4b83
  NMapsMap: aaa64717249b06ae82c3a3addb3a01f0e33100ab
  R.swift: cef1c530541cb49412752721797f10dae6b32d11
  SnapKit: e01d52ebb8ddbc333eefe2132acf85c8227d9c25
  SwiftLint: 77f7cb2b9bb81ab4a12fcc86448ba3f11afa50c6
  Then: 844265ae87834bbe1147d91d5d41a404da2ec27d

PODFILE CHECKSUM: 76d838235107f4361409c3cdcec46bda8436b73a

COCOAPODS: 1.11.3
