PODS:
  - Alamofire (5.6.4)
  - BottomSheetView (0.1.4)
  - Kingfisher (7.6.2)
  - lottie-ios (4.1.3)
  - Moya (15.0.0):
    - Moya/Core (= 15.0.0)
  - Moya/Core (15.0.0):
    - Alamofire (~> 5.0)
  - NMapsGeometry (1.0.1)
  - NMapsMap (3.16.2):
    - NMapsGeometry
  - R.swift (7.3.0)
  - SnapKit (5.6.0)
  - SwiftLint (0.50.3)
  - Then (3.0.0)

DEPENDENCIES:
  - "BottomSheetView (from `git@github.com:qwerty3345/BottomSheetView.git`)"
  - Kingfisher (~> 7.6.2)
  - lottie-ios (~> 4.1.3)
  - Moya (~> 15.0.0)
  - NMapsMap (~> 3.16.2)
  - R.swift (~> 7.3.0)
  - SnapKit (~> 5.6.0)
  - SwiftLint (~> 0.50.3)
  - Then (~> 3.0.0)

SPEC REPOS:
  trunk:
    - Alamofire
    - Kingfisher
    - lottie-ios
    - Moya
    - NMapsGeometry
    - NMapsMap
    - R.swift
    - SnapKit
    - SwiftLint
    - Then

EXTERNAL SOURCES:
  BottomSheetView:
    :git: "git@github.com:qwerty3345/BottomSheetView.git"

CHECKOUT OPTIONS:
  BottomSheetView:
    :commit: 66d8f8a0c98404db67eb40bf381d602f080aa577
    :git: "git@github.com:qwerty3345/BottomSheetView.git"

SPEC CHECKSUMS:
  Alamofire: 4e95d97098eacb88856099c4fc79b526a299e48c
  BottomSheetView: 23d2847aef4be5ef76768ce6e9777497cf6df6e1
  Kingfisher: 6c5449c6450c5239166510ba04afe374a98afc4f
  lottie-ios: d0954d3150061f662ed0adf96ef98d7421864c47
  Moya: 138f0573e53411fb3dc17016add0b748dfbd78ee
  NMapsGeometry: 53c573ead66466681cf123f99f698dc8071a4b83
  NMapsMap: aaa64717249b06ae82c3a3addb3a01f0e33100ab
  R.swift: cef1c530541cb49412752721797f10dae6b32d11
  SnapKit: e01d52ebb8ddbc333eefe2132acf85c8227d9c25
  SwiftLint: 77f7cb2b9bb81ab4a12fcc86448ba3f11afa50c6
  Then: 844265ae87834bbe1147d91d5d41a404da2ec27d

PODFILE CHECKSUM: 1c7aa2581996d8ccc70c56f187d22833f1682bb0

COCOAPODS: 1.11.3
